
Microsoft Visual Studio Solution File, Format Version 12.00
# Visual Studio Version 17
VisualStudioVersion = 17.11.35431.28
MinimumVisualStudioVersion = 10.0.40219.1
Project("{FAE04EC0-301F-11D3-BF4B-00C04F79EFBC}") = "TheBlogProject", "TheBlogProject.csproj", "{86B91E15-034C-4AF5-8812-B0481577805F}"
EndProject
Global
	GlobalSection(SolutionConfigurationPlatforms) = preSolution
		Debug|Any CPU = Debug|Any CPU
		Release|Any CPU = Release|Any CPU
	EndGlobalSection
	GlobalSection(ProjectConfigurationPlatforms) = postSolution
		{86B91E15-034C-4AF5-8812-B0481577805F}.Debug|Any CPU.ActiveCfg = Debug|Any CPU
		{86B91E15-034C-4AF5-8812-B0481577805F}.Debug|Any CPU.Build.0 = Debug|Any CPU
		{86B91E15-034C-4AF5-8812-B0481577805F}.Release|Any CPU.ActiveCfg = Release|Any CPU
		{86B91E15-034C-4AF5-8812-B0481577805F}.Release|Any CPU.Build.0 = Release|Any CPU
	EndGlobalSection
	GlobalSection(SolutionProperties) = preSolution
		HideSolutionNode = FALSE
	EndGlobalSection
	GlobalSection(ExtensibilityGlobals) = postSolution
		SolutionGuid = {1BAA9EB6-BFC9-4BA4-BF41-DA88BDF0245E}
	EndGlobalSection
EndGlobal
